
Microsoft Visual Studio Solution File, Format Version 12.00
# Visual Studio Version 16
VisualStudioVersion = 16.0.31205.134
MinimumVisualStudioVersion = 10.0.40219.1
Project("{FAE04EC0-301F-11D3-BF4B-00C04F79EFBC}") = "AlgoritmosVarios.Android", "AlgoritmosVarios.Android\AlgoritmosVarios.Android.csproj", "{093BD526-3BBA-4369-B13E-4EB2590D7ABE}"
EndProject
Project("{FAE04EC0-301F-11D3-BF4B-00C04F79EFBC}") = "AlgoritmosVarios.iOS", "AlgoritmosVarios.iOS\AlgoritmosVarios.iOS.csproj", "{8E1FB7F6-6843-414C-9BC0-46341148CB29}"
EndProject
Project("{FAE04EC0-301F-11D3-BF4B-00C04F79EFBC}") = "AlgoritmosVarios", "AlgoritmosVarios\AlgoritmosVarios.csproj", "{B77A571C-CCBC-41FE-802D-2D70BB8222C0}"
EndProject
Global
	GlobalSection(SolutionConfigurationPlatforms) = preSolution
		Debug|Any CPU = Debug|Any CPU
		Debug|iPhone = Debug|iPhone
		Debug|iPhoneSimulator = Debug|iPhoneSimulator
		Release|Any CPU = Release|Any CPU
		Release|iPhone = Release|iPhone
		Release|iPhoneSimulator = Release|iPhoneSimulator
	EndGlobalSection
	GlobalSection(ProjectConfigurationPlatforms) = postSolution
		{093BD526-3BBA-4369-B13E-4EB2590D7ABE}.Debug|Any CPU.ActiveCfg = Debug|Any CPU
		{093BD526-3BBA-4369-B13E-4EB2590D7ABE}.Debug|Any CPU.Build.0 = Debug|Any CPU
		{093BD526-3BBA-4369-B13E-4EB2590D7ABE}.Debug|Any CPU.Deploy.0 = Debug|Any CPU
		{093BD526-3BBA-4369-B13E-4EB2590D7ABE}.Debug|iPhone.ActiveCfg = Debug|Any CPU
		{093BD526-3BBA-4369-B13E-4EB2590D7ABE}.Debug|iPhone.Build.0 = Debug|Any CPU
		{093BD526-3BBA-4369-B13E-4EB2590D7ABE}.Debug|iPhone.Deploy.0 = Debug|Any CPU
		{093BD526-3BBA-4369-B13E-4EB2590D7ABE}.Debug|iPhoneSimulator.ActiveCfg = Debug|Any CPU
		{093BD526-3BBA-4369-B13E-4EB2590D7ABE}.Debug|iPhoneSimulator.Build.0 = Debug|Any CPU
		{093BD526-3BBA-4369-B13E-4EB2590D7ABE}.Debug|iPhoneSimulator.Deploy.0 = Debug|Any CPU
		{093BD526-3BBA-4369-B13E-4EB2590D7ABE}.Release|Any CPU.ActiveCfg = Release|Any CPU
		{093BD526-3BBA-4369-B13E-4EB2590D7ABE}.Release|Any CPU.Build.0 = Release|Any CPU
		{093BD526-3BBA-4369-B13E-4EB2590D7ABE}.Release|Any CPU.Deploy.0 = Release|Any CPU
		{093BD526-3BBA-4369-B13E-4EB2590D7ABE}.Release|iPhone.ActiveCfg = Release|Any CPU
		{093BD526-3BBA-4369-B13E-4EB2590D7ABE}.Release|iPhone.Build.0 = Release|Any CPU
		{093BD526-3BBA-4369-B13E-4EB2590D7ABE}.Release|iPhone.Deploy.0 = Release|Any CPU
		{093BD526-3BBA-4369-B13E-4EB2590D7ABE}.Release|iPhoneSimulator.ActiveCfg = Release|Any CPU
		{093BD526-3BBA-4369-B13E-4EB2590D7ABE}.Release|iPhoneSimulator.Build.0 = Release|Any CPU
		{093BD526-3BBA-4369-B13E-4EB2590D7ABE}.Release|iPhoneSimulator.Deploy.0 = Release|Any CPU
		{8E1FB7F6-6843-414C-9BC0-46341148CB29}.Debug|Any CPU.ActiveCfg = Debug|iPhone
		{8E1FB7F6-6843-414C-9BC0-46341148CB29}.Debug|Any CPU.Build.0 = Debug|iPhone
		{8E1FB7F6-6843-414C-9BC0-46341148CB29}.Debug|Any CPU.Deploy.0 = Debug|iPhone
		{8E1FB7F6-6843-414C-9BC0-46341148CB29}.Debug|iPhone.ActiveCfg = Debug|iPhone
		{8E1FB7F6-6843-414C-9BC0-46341148CB29}.Debug|iPhone.Build.0 = Debug|iPhone
		{8E1FB7F6-6843-414C-9BC0-46341148CB29}.Debug|iPhone.Deploy.0 = Debug|iPhone
		{8E1FB7F6-6843-414C-9BC0-46341148CB29}.Debug|iPhoneSimulator.ActiveCfg = Debug|iPhoneSimulator
		{8E1FB7F6-6843-414C-9BC0-46341148CB29}.Debug|iPhoneSimulator.Build.0 = Debug|iPhoneSimulator
		{8E1FB7F6-6843-414C-9BC0-46341148CB29}.Debug|iPhoneSimulator.Deploy.0 = Debug|iPhoneSimulator
		{8E1FB7F6-6843-414C-9BC0-46341148CB29}.Release|Any CPU.ActiveCfg = Release|iPhoneSimulator
		{8E1FB7F6-6843-414C-9BC0-46341148CB29}.Release|Any CPU.Build.0 = Release|iPhoneSimulator
		{8E1FB7F6-6843-414C-9BC0-46341148CB29}.Release|Any CPU.Deploy.0 = Release|iPhoneSimulator
		{8E1FB7F6-6843-414C-9BC0-46341148CB29}.Release|iPhone.ActiveCfg = Release|iPhone
		{8E1FB7F6-6843-414C-9BC0-46341148CB29}.Release|iPhone.Build.0 = Release|iPhone
		{8E1FB7F6-6843-414C-9BC0-46341148CB29}.Release|iPhone.Deploy.0 = Release|iPhone
		{8E1FB7F6-6843-414C-9BC0-46341148CB29}.Release|iPhoneSimulator.ActiveCfg = Release|iPhoneSimulator
		{8E1FB7F6-6843-414C-9BC0-46341148CB29}.Release|iPhoneSimulator.Build.0 = Release|iPhoneSimulator
		{8E1FB7F6-6843-414C-9BC0-46341148CB29}.Release|iPhoneSimulator.Deploy.0 = Release|iPhoneSimulator
		{B77A571C-CCBC-41FE-802D-2D70BB8222C0}.Debug|Any CPU.ActiveCfg = Debug|Any CPU
		{B77A571C-CCBC-41FE-802D-2D70BB8222C0}.Debug|Any CPU.Build.0 = Debug|Any CPU
		{B77A571C-CCBC-41FE-802D-2D70BB8222C0}.Debug|Any CPU.Deploy.0 = Debug|Any CPU
		{B77A571C-CCBC-41FE-802D-2D70BB8222C0}.Debug|iPhone.ActiveCfg = Debug|Any CPU
		{B77A571C-CCBC-41FE-802D-2D70BB8222C0}.Debug|iPhone.Build.0 = Debug|Any CPU
		{B77A571C-CCBC-41FE-802D-2D70BB8222C0}.Debug|iPhone.Deploy.0 = Debug|Any CPU
		{B77A571C-CCBC-41FE-802D-2D70BB8222C0}.Debug|iPhoneSimulator.ActiveCfg = Debug|Any CPU
		{B77A571C-CCBC-41FE-802D-2D70BB8222C0}.Debug|iPhoneSimulator.Build.0 = Debug|Any CPU
		{B77A571C-CCBC-41FE-802D-2D70BB8222C0}.Debug|iPhoneSimulator.Deploy.0 = Debug|Any CPU
		{B77A571C-CCBC-41FE-802D-2D70BB8222C0}.Release|Any CPU.ActiveCfg = Release|Any CPU
		{B77A571C-CCBC-41FE-802D-2D70BB8222C0}.Release|Any CPU.Build.0 = Release|Any CPU
		{B77A571C-CCBC-41FE-802D-2D70BB8222C0}.Release|Any CPU.Deploy.0 = Release|Any CPU
		{B77A571C-CCBC-41FE-802D-2D70BB8222C0}.Release|iPhone.ActiveCfg = Release|Any CPU
		{B77A571C-CCBC-41FE-802D-2D70BB8222C0}.Release|iPhone.Build.0 = Release|Any CPU
		{B77A571C-CCBC-41FE-802D-2D70BB8222C0}.Release|iPhone.Deploy.0 = Release|Any CPU
		{B77A571C-CCBC-41FE-802D-2D70BB8222C0}.Release|iPhoneSimulator.ActiveCfg = Release|Any CPU
		{B77A571C-CCBC-41FE-802D-2D70BB8222C0}.Release|iPhoneSimulator.Build.0 = Release|Any CPU
		{B77A571C-CCBC-41FE-802D-2D70BB8222C0}.Release|iPhoneSimulator.Deploy.0 = Release|Any CPU
	EndGlobalSection
	GlobalSection(SolutionProperties) = preSolution
		HideSolutionNode = FALSE
	EndGlobalSection
	GlobalSection(ExtensibilityGlobals) = postSolution
		SolutionGuid = {C2EE208C-A2AE-43C2-8218-6664C18F36FB}
	EndGlobalSection
EndGlobal
